
Microsoft Visual Studio Solution File, Format Version 12.00
# Visual Studio Version 16
VisualStudioVersion = 16.0.31727.386
MinimumVisualStudioVersion = 10.0.40219.1
Project("{FAE04EC0-301F-11D3-BF4B-00C04F79EFBC}") = "Moaner", "Moaner\Moaner.csproj", "{74DF5BB9-1C64-45C4-B023-FEB941C3CF12}"
EndProject
Global
	GlobalSection(SolutionConfigurationPlatforms) = preSolution
		Debug|Any CPU = Debug|Any CPU
		Release|Any CPU = Release|Any CPU
	EndGlobalSection
	GlobalSection(ProjectConfigurationPlatforms) = postSolution
		{74DF5BB9-1C64-45C4-B023-FEB941C3CF12}.Debug|Any CPU.ActiveCfg = Debug|Any CPU
		{74DF5BB9-1C64-45C4-B023-FEB941C3CF12}.Debug|Any CPU.Build.0 = Debug|Any CPU
		{74DF5BB9-1C64-45C4-B023-FEB941C3CF12}.Release|Any CPU.ActiveCfg = Release|Any CPU
		{74DF5BB9-1C64-45C4-B023-FEB941C3CF12}.Release|Any CPU.Build.0 = Release|Any CPU
	EndGlobalSection
	GlobalSection(SolutionProperties) = preSolution
		HideSolutionNode = FALSE
	EndGlobalSection
	GlobalSection(ExtensibilityGlobals) = postSolution
		SolutionGuid = {0656BD94-EEF8-44A1-8841-344C7A22BCD7}
	EndGlobalSection
EndGlobal
